// !$*UTF8*$!
{
	archiveVersion = 1;
	classes = {
	};
	objectVersion = 46;
	objects = {

/* Begin PBXBuildFile section */
		FD1CF0ED18C0F1DB004FD787 /* SWRevealViewController.m in Sources */ = {isa = PBXBuildFile; fileRef = FD1CF0EC18C0F1DB004FD787 /* SWRevealViewController.m */; };
		FD1CF0F018C0F6A2004FD787 /* SidebarViewController.m in Sources */ = {isa = PBXBuildFile; fileRef = FD1CF0EF18C0F6A2004FD787 /* SidebarViewController.m */; };
		FD1CF0F318C0F877004FD787 /* OtherViewController.m in Sources */ = {isa = PBXBuildFile; fileRef = FD1CF0F218C0F877004FD787 /* OtherViewController.m */; };
		FD37D6ED18C1F73C00CF5603 /* FavoritesViewController.m in Sources */ = {isa = PBXBuildFile; fileRef = FD37D6EC18C1F73C00CF5603 /* FavoritesViewController.m */; };
		FD37D6F718C241EE00CF5603 /* Recipe_List.sqlite in Resources */ = {isa = PBXBuildFile; fileRef = FD37D6F618C241EE00CF5603 /* Recipe_List.sqlite */; };
		FDC3303918B7E1970043BB48 /* AudioToolbox.framework in Frameworks */ = {isa = PBXBuildFile; fileRef = FDC3303818B7E1970043BB48 /* AudioToolbox.framework */; };
		FDC3303B18B7E1A00043BB48 /* CFNetwork.framework in Frameworks */ = {isa = PBXBuildFile; fileRef = FDC3303A18B7E1A00043BB48 /* CFNetwork.framework */; };
		FDC3303D18B7E1B20043BB48 /* MessageUI.framework in Frameworks */ = {isa = PBXBuildFile; fileRef = FDC3303C18B7E1B20043BB48 /* MessageUI.framework */; };
		FDC3303F18B7E1BA0043BB48 /* MobileCoreServices.framework in Frameworks */ = {isa = PBXBuildFile; fileRef = FDC3303E18B7E1BA0043BB48 /* MobileCoreServices.framework */; };
		FDC3304118B7E1C10043BB48 /* Security.framework in Frameworks */ = {isa = PBXBuildFile; fileRef = FDC3304018B7E1C10043BB48 /* Security.framework */; };
		FDC3304318B7E1CA0043BB48 /* SystemConfiguration.framework in Frameworks */ = {isa = PBXBuildFile; fileRef = FDC3304218B7E1CA0043BB48 /* SystemConfiguration.framework */; };
		FDC6D39218AFE5790070E139 /* Foundation.framework in Frameworks */ = {isa = PBXBuildFile; fileRef = FDC6D39118AFE5790070E139 /* Foundation.framework */; };
		FDC6D39418AFE5790070E139 /* CoreGraphics.framework in Frameworks */ = {isa = PBXBuildFile; fileRef = FDC6D39318AFE5790070E139 /* CoreGraphics.framework */; };
		FDC6D39618AFE5790070E139 /* UIKit.framework in Frameworks */ = {isa = PBXBuildFile; fileRef = FDC6D39518AFE5790070E139 /* UIKit.framework */; };
		FDC6D39C18AFE5790070E139 /* InfoPlist.strings in Resources */ = {isa = PBXBuildFile; fileRef = FDC6D39A18AFE5790070E139 /* InfoPlist.strings */; };
		FDC6D39E18AFE5790070E139 /* main.m in Sources */ = {isa = PBXBuildFile; fileRef = FDC6D39D18AFE5790070E139 /* main.m */; };
		FDC6D3A218AFE5790070E139 /* AppDelegate.m in Sources */ = {isa = PBXBuildFile; fileRef = FDC6D3A118AFE5790070E139 /* AppDelegate.m */; };
		FDC6D3A518AFE5790070E139 /* Main.storyboard in Resources */ = {isa = PBXBuildFile; fileRef = FDC6D3A318AFE5790070E139 /* Main.storyboard */; };
		FDC6D3A818AFE5790070E139 /* ViewController.m in Sources */ = {isa = PBXBuildFile; fileRef = FDC6D3A718AFE5790070E139 /* ViewController.m */; };
		FDC6D3AA18AFE5790070E139 /* Images.xcassets in Resources */ = {isa = PBXBuildFile; fileRef = FDC6D3A918AFE5790070E139 /* Images.xcassets */; };
		FDC6D3B118AFE5790070E139 /* XCTest.framework in Frameworks */ = {isa = PBXBuildFile; fileRef = FDC6D3B018AFE5790070E139 /* XCTest.framework */; };
		FDC6D3B218AFE5790070E139 /* Foundation.framework in Frameworks */ = {isa = PBXBuildFile; fileRef = FDC6D39118AFE5790070E139 /* Foundation.framework */; };
		FDC6D3B318AFE5790070E139 /* UIKit.framework in Frameworks */ = {isa = PBXBuildFile; fileRef = FDC6D39518AFE5790070E139 /* UIKit.framework */; };
		FDC6D3BB18AFE5790070E139 /* InfoPlist.strings in Resources */ = {isa = PBXBuildFile; fileRef = FDC6D3B918AFE5790070E139 /* InfoPlist.strings */; };
		FDC6D3BD18AFE5790070E139 /* Deneme_YemekTests.m in Sources */ = {isa = PBXBuildFile; fileRef = FDC6D3BC18AFE5790070E139 /* Deneme_YemekTests.m */; };
		FDCF093F18B78AC5000D5ABA /* DBOperations.m in Sources */ = {isa = PBXBuildFile; fileRef = FDCF093E18B78AC5000D5ABA /* DBOperations.m */; };
		FDCF094118B78AD8000D5ABA /* libsqlite3.dylib in Frameworks */ = {isa = PBXBuildFile; fileRef = FDCF094018B78AD8000D5ABA /* libsqlite3.dylib */; };
		FDDA508718B0034E00268423 /* corba.jpg in Resources */ = {isa = PBXBuildFile; fileRef = FDDA508618B0034E00268423 /* corba.jpg */; };
		FDDA508A18B004D100268423 /* TableController.m in Sources */ = {isa = PBXBuildFile; fileRef = FDDA508918B004D100268423 /* TableController.m */; };
		FDDA508D18B0083400268423 /* TableCell.m in Sources */ = {isa = PBXBuildFile; fileRef = FDDA508C18B0083400268423 /* TableCell.m */; };
		FDDA509018B00E7E00268423 /* DetailView.m in Sources */ = {isa = PBXBuildFile; fileRef = FDDA508F18B00E7E00268423 /* DetailView.m */; };
		FDF7578E18AFFAF60079811E /* Tarif.m in Sources */ = {isa = PBXBuildFile; fileRef = FDF7578D18AFFAF60079811E /* Tarif.m */; };
/* End PBXBuildFile section */

/* Begin PBXContainerItemProxy section */
		FDC6D3B418AFE5790070E139 /* PBXContainerItemProxy */ = {
			isa = PBXContainerItemProxy;
			containerPortal = FDC6D38618AFE5790070E139 /* Project object */;
			proxyType = 1;
			remoteGlobalIDString = FDC6D38D18AFE5790070E139;
			remoteInfo = Deneme_Yemek;
		};
/* End PBXContainerItemProxy section */

/* Begin PBXFileReference section */
		FD1CF0EB18C0F1DB004FD787 /* SWRevealViewController.h */ = {isa = PBXFileReference; fileEncoding = 4; lastKnownFileType = sourcecode.c.h; path = SWRevealViewController.h; sourceTree = "<group>"; };
		FD1CF0EC18C0F1DB004FD787 /* SWRevealViewController.m */ = {isa = PBXFileReference; fileEncoding = 4; lastKnownFileType = sourcecode.c.objc; path = SWRevealViewController.m; sourceTree = "<group>"; };
		FD1CF0EE18C0F6A2004FD787 /* SidebarViewController.h */ = {isa = PBXFileReference; fileEncoding = 4; lastKnownFileType = sourcecode.c.h; path = SidebarViewController.h; sourceTree = "<group>"; };
		FD1CF0EF18C0F6A2004FD787 /* SidebarViewController.m */ = {isa = PBXFileReference; fileEncoding = 4; lastKnownFileType = sourcecode.c.objc; path = SidebarViewController.m; sourceTree = "<group>"; };
		FD1CF0F118C0F877004FD787 /* OtherViewController.h */ = {isa = PBXFileReference; fileEncoding = 4; lastKnownFileType = sourcecode.c.h; name = OtherViewController.h; path = ../../deneme_slide_menu/deneme_slide_menu/OtherViewController.h; sourceTree = "<group>"; };
		FD1CF0F218C0F877004FD787 /* OtherViewController.m */ = {isa = PBXFileReference; fileEncoding = 4; lastKnownFileType = sourcecode.c.objc; name = OtherViewController.m; path = ../../deneme_slide_menu/deneme_slide_menu/OtherViewController.m; sourceTree = "<group>"; };
		FD37D6EB18C1F73C00CF5603 /* FavoritesViewController.h */ = {isa = PBXFileReference; fileEncoding = 4; lastKnownFileType = sourcecode.c.h; path = FavoritesViewController.h; sourceTree = "<group>"; };
		FD37D6EC18C1F73C00CF5603 /* FavoritesViewController.m */ = {isa = PBXFileReference; fileEncoding = 4; lastKnownFileType = sourcecode.c.objc; path = FavoritesViewController.m; sourceTree = "<group>"; };
		FD37D6F618C241EE00CF5603 /* Recipe_List.sqlite */ = {isa = PBXFileReference; lastKnownFileType = file; path = Recipe_List.sqlite; sourceTree = "<group>"; };
		FDC3303818B7E1970043BB48 /* AudioToolbox.framework */ = {isa = PBXFileReference; lastKnownFileType = wrapper.framework; name = AudioToolbox.framework; path = System/Library/Frameworks/AudioToolbox.framework; sourceTree = SDKROOT; };
		FDC3303A18B7E1A00043BB48 /* CFNetwork.framework */ = {isa = PBXFileReference; lastKnownFileType = wrapper.framework; name = CFNetwork.framework; path = System/Library/Frameworks/CFNetwork.framework; sourceTree = SDKROOT; };
		FDC3303C18B7E1B20043BB48 /* MessageUI.framework */ = {isa = PBXFileReference; lastKnownFileType = wrapper.framework; name = MessageUI.framework; path = System/Library/Frameworks/MessageUI.framework; sourceTree = SDKROOT; };
		FDC3303E18B7E1BA0043BB48 /* MobileCoreServices.framework */ = {isa = PBXFileReference; lastKnownFileType = wrapper.framework; name = MobileCoreServices.framework; path = System/Library/Frameworks/MobileCoreServices.framework; sourceTree = SDKROOT; };
		FDC3304018B7E1C10043BB48 /* Security.framework */ = {isa = PBXFileReference; lastKnownFileType = wrapper.framework; name = Security.framework; path = System/Library/Frameworks/Security.framework; sourceTree = SDKROOT; };
		FDC3304218B7E1CA0043BB48 /* SystemConfiguration.framework */ = {isa = PBXFileReference; lastKnownFileType = wrapper.framework; name = SystemConfiguration.framework; path = System/Library/Frameworks/SystemConfiguration.framework; sourceTree = SDKROOT; };
		FDC6D38E18AFE5790070E139 /* Deneme_Yemek.app */ = {isa = PBXFileReference; explicitFileType = wrapper.application; includeInIndex = 0; path = Deneme_Yemek.app; sourceTree = BUILT_PRODUCTS_DIR; };
		FDC6D39118AFE5790070E139 /* Foundation.framework */ = {isa = PBXFileReference; lastKnownFileType = wrapper.framework; name = Foundation.framework; path = System/Library/Frameworks/Foundation.framework; sourceTree = SDKROOT; };
		FDC6D39318AFE5790070E139 /* CoreGraphics.framework */ = {isa = PBXFileReference; lastKnownFileType = wrapper.framework; name = CoreGraphics.framework; path = System/Library/Frameworks/CoreGraphics.framework; sourceTree = SDKROOT; };
		FDC6D39518AFE5790070E139 /* UIKit.framework */ = {isa = PBXFileReference; lastKnownFileType = wrapper.framework; name = UIKit.framework; path = System/Library/Frameworks/UIKit.framework; sourceTree = SDKROOT; };
		FDC6D39918AFE5790070E139 /* Deneme_Yemek-Info.plist */ = {isa = PBXFileReference; lastKnownFileType = text.plist.xml; path = "Deneme_Yemek-Info.plist"; sourceTree = "<group>"; };
		FDC6D39B18AFE5790070E139 /* en */ = {isa = PBXFileReference; lastKnownFileType = text.plist.strings; name = en; path = en.lproj/InfoPlist.strings; sourceTree = "<group>"; };
		FDC6D39D18AFE5790070E139 /* main.m */ = {isa = PBXFileReference; lastKnownFileType = sourcecode.c.objc; path = main.m; sourceTree = "<group>"; };
		FDC6D39F18AFE5790070E139 /* Deneme_Yemek-Prefix.pch */ = {isa = PBXFileReference; lastKnownFileType = sourcecode.c.h; path = "Deneme_Yemek-Prefix.pch"; sourceTree = "<group>"; };
		FDC6D3A018AFE5790070E139 /* AppDelegate.h */ = {isa = PBXFileReference; lastKnownFileType = sourcecode.c.h; path = AppDelegate.h; sourceTree = "<group>"; };
		FDC6D3A118AFE5790070E139 /* AppDelegate.m */ = {isa = PBXFileReference; lastKnownFileType = sourcecode.c.objc; path = AppDelegate.m; sourceTree = "<group>"; };
		FDC6D3A418AFE5790070E139 /* Base */ = {isa = PBXFileReference; lastKnownFileType = file.storyboard; name = Base; path = Base.lproj/Main.storyboard; sourceTree = "<group>"; };
		FDC6D3A618AFE5790070E139 /* ViewController.h */ = {isa = PBXFileReference; lastKnownFileType = sourcecode.c.h; path = ViewController.h; sourceTree = "<group>"; };
		FDC6D3A718AFE5790070E139 /* ViewController.m */ = {isa = PBXFileReference; lastKnownFileType = sourcecode.c.objc; path = ViewController.m; sourceTree = "<group>"; };
		FDC6D3A918AFE5790070E139 /* Images.xcassets */ = {isa = PBXFileReference; lastKnownFileType = folder.assetcatalog; path = Images.xcassets; sourceTree = "<group>"; };
		FDC6D3AF18AFE5790070E139 /* Deneme_YemekTests.xctest */ = {isa = PBXFileReference; explicitFileType = wrapper.cfbundle; includeInIndex = 0; path = Deneme_YemekTests.xctest; sourceTree = BUILT_PRODUCTS_DIR; };
		FDC6D3B018AFE5790070E139 /* XCTest.framework */ = {isa = PBXFileReference; lastKnownFileType = wrapper.framework; name = XCTest.framework; path = Library/Frameworks/XCTest.framework; sourceTree = DEVELOPER_DIR; };
		FDC6D3B818AFE5790070E139 /* Deneme_YemekTests-Info.plist */ = {isa = PBXFileReference; lastKnownFileType = text.plist.xml; path = "Deneme_YemekTests-Info.plist"; sourceTree = "<group>"; };
		FDC6D3BA18AFE5790070E139 /* en */ = {isa = PBXFileReference; lastKnownFileType = text.plist.strings; name = en; path = en.lproj/InfoPlist.strings; sourceTree = "<group>"; };
		FDC6D3BC18AFE5790070E139 /* Deneme_YemekTests.m */ = {isa = PBXFileReference; lastKnownFileType = sourcecode.c.objc; path = Deneme_YemekTests.m; sourceTree = "<group>"; };
		FDCF093D18B78AC5000D5ABA /* DBOperations.h */ = {isa = PBXFileReference; fileEncoding = 4; lastKnownFileType = sourcecode.c.h; path = DBOperations.h; sourceTree = "<group>"; };
		FDCF093E18B78AC5000D5ABA /* DBOperations.m */ = {isa = PBXFileReference; fileEncoding = 4; lastKnownFileType = sourcecode.c.objc; path = DBOperations.m; sourceTree = "<group>"; };
		FDCF094018B78AD8000D5ABA /* libsqlite3.dylib */ = {isa = PBXFileReference; lastKnownFileType = "compiled.mach-o.dylib"; name = libsqlite3.dylib; path = usr/lib/libsqlite3.dylib; sourceTree = SDKROOT; };
		FDDA508618B0034E00268423 /* corba.jpg */ = {isa = PBXFileReference; lastKnownFileType = image.jpeg; name = corba.jpg; path = ../../../../Downloads/corba.jpg; sourceTree = "<group>"; };
		FDDA508818B004D100268423 /* TableController.h */ = {isa = PBXFileReference; fileEncoding = 4; lastKnownFileType = sourcecode.c.h; path = TableController.h; sourceTree = "<group>"; };
		FDDA508918B004D100268423 /* TableController.m */ = {isa = PBXFileReference; fileEncoding = 4; lastKnownFileType = sourcecode.c.objc; path = TableController.m; sourceTree = "<group>"; };
		FDDA508B18B0083400268423 /* TableCell.h */ = {isa = PBXFileReference; fileEncoding = 4; lastKnownFileType = sourcecode.c.h; path = TableCell.h; sourceTree = "<group>"; };
		FDDA508C18B0083400268423 /* TableCell.m */ = {isa = PBXFileReference; fileEncoding = 4; lastKnownFileType = sourcecode.c.objc; path = TableCell.m; sourceTree = "<group>"; };
		FDDA508E18B00E7E00268423 /* DetailView.h */ = {isa = PBXFileReference; fileEncoding = 4; lastKnownFileType = sourcecode.c.h; path = DetailView.h; sourceTree = "<group>"; };
		FDDA508F18B00E7E00268423 /* DetailView.m */ = {isa = PBXFileReference; fileEncoding = 4; lastKnownFileType = sourcecode.c.objc; path = DetailView.m; sourceTree = "<group>"; };
		FDF7578C18AFFAF60079811E /* Tarif.h */ = {isa = PBXFileReference; fileEncoding = 4; lastKnownFileType = sourcecode.c.h; path = Tarif.h; sourceTree = "<group>"; };
		FDF7578D18AFFAF60079811E /* Tarif.m */ = {isa = PBXFileReference; fileEncoding = 4; lastKnownFileType = sourcecode.c.objc; path = Tarif.m; sourceTree = "<group>"; };
/* End PBXFileReference section */

/* Begin PBXFrameworksBuildPhase section */
		FDC6D38B18AFE5790070E139 /* Frameworks */ = {
			isa = PBXFrameworksBuildPhase;
			buildActionMask = 2147483647;
			files = (
				FDC3304318B7E1CA0043BB48 /* SystemConfiguration.framework in Frameworks */,
				FDC3304118B7E1C10043BB48 /* Security.framework in Frameworks */,
				FDC3303F18B7E1BA0043BB48 /* MobileCoreServices.framework in Frameworks */,
				FDC3303D18B7E1B20043BB48 /* MessageUI.framework in Frameworks */,
				FDC3303B18B7E1A00043BB48 /* CFNetwork.framework in Frameworks */,
				FDC3303918B7E1970043BB48 /* AudioToolbox.framework in Frameworks */,
				FDCF094118B78AD8000D5ABA /* libsqlite3.dylib in Frameworks */,
				FDC6D39418AFE5790070E139 /* CoreGraphics.framework in Frameworks */,
				FDC6D39618AFE5790070E139 /* UIKit.framework in Frameworks */,
				FDC6D39218AFE5790070E139 /* Foundation.framework in Frameworks */,
			);
			runOnlyForDeploymentPostprocessing = 0;
		};
		FDC6D3AC18AFE5790070E139 /* Frameworks */ = {
			isa = PBXFrameworksBuildPhase;
			buildActionMask = 2147483647;
			files = (
				FDC6D3B118AFE5790070E139 /* XCTest.framework in Frameworks */,
				FDC6D3B318AFE5790070E139 /* UIKit.framework in Frameworks */,
				FDC6D3B218AFE5790070E139 /* Foundation.framework in Frameworks */,
			);
			runOnlyForDeploymentPostprocessing = 0;
		};
/* End PBXFrameworksBuildPhase section */

/* Begin PBXGroup section */
		FDC6D38518AFE5790070E139 = {
			isa = PBXGroup;
			children = (
				FDC6D39718AFE5790070E139 /* Deneme_Yemek */,
				FDC6D3B618AFE5790070E139 /* Deneme_YemekTests */,
				FDC6D39018AFE5790070E139 /* Frameworks */,
				FDC6D38F18AFE5790070E139 /* Products */,
			);
			sourceTree = "<group>";
		};
		FDC6D38F18AFE5790070E139 /* Products */ = {
			isa = PBXGroup;
			children = (
				FDC6D38E18AFE5790070E139 /* Deneme_Yemek.app */,
				FDC6D3AF18AFE5790070E139 /* Deneme_YemekTests.xctest */,
			);
			name = Products;
			sourceTree = "<group>";
		};
		FDC6D39018AFE5790070E139 /* Frameworks */ = {
			isa = PBXGroup;
			children = (
				FDC3304218B7E1CA0043BB48 /* SystemConfiguration.framework */,
				FDC3304018B7E1C10043BB48 /* Security.framework */,
				FDC3303E18B7E1BA0043BB48 /* MobileCoreServices.framework */,
				FDC3303C18B7E1B20043BB48 /* MessageUI.framework */,
				FDC3303A18B7E1A00043BB48 /* CFNetwork.framework */,
				FDC3303818B7E1970043BB48 /* AudioToolbox.framework */,
				FDCF094018B78AD8000D5ABA /* libsqlite3.dylib */,
				FDC6D39118AFE5790070E139 /* Foundation.framework */,
				FDC6D39318AFE5790070E139 /* CoreGraphics.framework */,
				FDC6D39518AFE5790070E139 /* UIKit.framework */,
				FDC6D3B018AFE5790070E139 /* XCTest.framework */,
			);
			name = Frameworks;
			sourceTree = "<group>";
		};
		FDC6D39718AFE5790070E139 /* Deneme_Yemek */ = {
			isa = PBXGroup;
			children = (
				FD37D6F618C241EE00CF5603 /* Recipe_List.sqlite */,
				FD1CF0F118C0F877004FD787 /* OtherViewController.h */,
				FD1CF0F218C0F877004FD787 /* OtherViewController.m */,
				FD1CF0EE18C0F6A2004FD787 /* SidebarViewController.h */,
				FD1CF0EF18C0F6A2004FD787 /* SidebarViewController.m */,
				FD1CF0EB18C0F1DB004FD787 /* SWRevealViewController.h */,
				FD1CF0EC18C0F1DB004FD787 /* SWRevealViewController.m */,
				FDDA508618B0034E00268423 /* corba.jpg */,
				FDCF093D18B78AC5000D5ABA /* DBOperations.h */,
				FDCF093E18B78AC5000D5ABA /* DBOperations.m */,
				FDC6D3A018AFE5790070E139 /* AppDelegate.h */,
				FDC6D3A118AFE5790070E139 /* AppDelegate.m */,
				FDC6D3A318AFE5790070E139 /* Main.storyboard */,
				FDC6D3A618AFE5790070E139 /* ViewController.h */,
				FDC6D3A718AFE5790070E139 /* ViewController.m */,
				FDDA508818B004D100268423 /* TableController.h */,
				FDDA508918B004D100268423 /* TableController.m */,
				FD37D6EB18C1F73C00CF5603 /* FavoritesViewController.h */,
				FD37D6EC18C1F73C00CF5603 /* FavoritesViewController.m */,
				FDDA508E18B00E7E00268423 /* DetailView.h */,
				FDDA508F18B00E7E00268423 /* DetailView.m */,
				FDDA508B18B0083400268423 /* TableCell.h */,
				FDDA508C18B0083400268423 /* TableCell.m */,
				FDF7578C18AFFAF60079811E /* Tarif.h */,
				FDF7578D18AFFAF60079811E /* Tarif.m */,
				FDC6D3A918AFE5790070E139 /* Images.xcassets */,
				FDC6D39818AFE5790070E139 /* Supporting Files */,
			);
			path = Deneme_Yemek;
			sourceTree = "<group>";
		};
		FDC6D39818AFE5790070E139 /* Supporting Files */ = {
			isa = PBXGroup;
			children = (
				FDC6D39918AFE5790070E139 /* Deneme_Yemek-Info.plist */,
				FDC6D39A18AFE5790070E139 /* InfoPlist.strings */,
				FDC6D39D18AFE5790070E139 /* main.m */,
				FDC6D39F18AFE5790070E139 /* Deneme_Yemek-Prefix.pch */,
			);
			name = "Supporting Files";
			sourceTree = "<group>";
		};
		FDC6D3B618AFE5790070E139 /* Deneme_YemekTests */ = {
			isa = PBXGroup;
			children = (
				FDC6D3BC18AFE5790070E139 /* Deneme_YemekTests.m */,
				FDC6D3B718AFE5790070E139 /* Supporting Files */,
			);
			path = Deneme_YemekTests;
			sourceTree = "<group>";
		};
		FDC6D3B718AFE5790070E139 /* Supporting Files */ = {
			isa = PBXGroup;
			children = (
				FDC6D3B818AFE5790070E139 /* Deneme_YemekTests-Info.plist */,
				FDC6D3B918AFE5790070E139 /* InfoPlist.strings */,
			);
			name = "Supporting Files";
			sourceTree = "<group>";
		};
/* End PBXGroup section */

/* Begin PBXNativeTarget section */
		FDC6D38D18AFE5790070E139 /* Deneme_Yemek */ = {
			isa = PBXNativeTarget;
			buildConfigurationList = FDC6D3C018AFE5790070E139 /* Build configuration list for PBXNativeTarget "Deneme_Yemek" */;
			buildPhases = (
				FDC6D38A18AFE5790070E139 /* Sources */,
				FDC6D38B18AFE5790070E139 /* Frameworks */,
				FDC6D38C18AFE5790070E139 /* Resources */,
			);
			buildRules = (
			);
			dependencies = (
			);
			name = Deneme_Yemek;
			productName = Deneme_Yemek;
			productReference = FDC6D38E18AFE5790070E139 /* Deneme_Yemek.app */;
			productType = "com.apple.product-type.application";
		};
		FDC6D3AE18AFE5790070E139 /* Deneme_YemekTests */ = {
			isa = PBXNativeTarget;
			buildConfigurationList = FDC6D3C318AFE5790070E139 /* Build configuration list for PBXNativeTarget "Deneme_YemekTests" */;
			buildPhases = (
				FDC6D3AB18AFE5790070E139 /* Sources */,
				FDC6D3AC18AFE5790070E139 /* Frameworks */,
				FDC6D3AD18AFE5790070E139 /* Resources */,
			);
			buildRules = (
			);
			dependencies = (
				FDC6D3B518AFE5790070E139 /* PBXTargetDependency */,
			);
			name = Deneme_YemekTests;
			productName = Deneme_YemekTests;
			productReference = FDC6D3AF18AFE5790070E139 /* Deneme_YemekTests.xctest */;
			productType = "com.apple.product-type.bundle.unit-test";
		};
/* End PBXNativeTarget section */

/* Begin PBXProject section */
		FDC6D38618AFE5790070E139 /* Project object */ = {
			isa = PBXProject;
			attributes = {
				LastUpgradeCheck = 0500;
				ORGANIZATIONNAME = "Egemen AYHAN";
				TargetAttributes = {
					FDC6D3AE18AFE5790070E139 = {
						TestTargetID = FDC6D38D18AFE5790070E139;
					};
				};
			};
			buildConfigurationList = FDC6D38918AFE5790070E139 /* Build configuration list for PBXProject "Deneme_Yemek" */;
			compatibilityVersion = "Xcode 3.2";
			developmentRegion = English;
			hasScannedForEncodings = 0;
			knownRegions = (
				en,
				Base,
			);
			mainGroup = FDC6D38518AFE5790070E139;
			productRefGroup = FDC6D38F18AFE5790070E139 /* Products */;
			projectDirPath = "";
			projectRoot = "";
			targets = (
				FDC6D38D18AFE5790070E139 /* Deneme_Yemek */,
				FDC6D3AE18AFE5790070E139 /* Deneme_YemekTests */,
			);
		};
/* End PBXProject section */

/* Begin PBXResourcesBuildPhase section */
		FDC6D38C18AFE5790070E139 /* Resources */ = {
			isa = PBXResourcesBuildPhase;
			buildActionMask = 2147483647;
			files = (
				FD37D6F718C241EE00CF5603 /* Recipe_List.sqlite in Resources */,
				FDC6D3AA18AFE5790070E139 /* Images.xcassets in Resources */,
				FDC6D39C18AFE5790070E139 /* InfoPlist.strings in Resources */,
				FDC6D3A518AFE5790070E139 /* Main.storyboard in Resources */,
				FDDA508718B0034E00268423 /* corba.jpg in Resources */,
			);
			runOnlyForDeploymentPostprocessing = 0;
		};
		FDC6D3AD18AFE5790070E139 /* Resources */ = {
			isa = PBXResourcesBuildPhase;
			buildActionMask = 2147483647;
			files = (
				FDC6D3BB18AFE5790070E139 /* InfoPlist.strings in Resources */,
			);
			runOnlyForDeploymentPostprocessing = 0;
		};
/* End PBXResourcesBuildPhase section */

/* Begin PBXSourcesBuildPhase section */
		FDC6D38A18AFE5790070E139 /* Sources */ = {
			isa = PBXSourcesBuildPhase;
			buildActionMask = 2147483647;
			files = (
				FDDA508D18B0083400268423 /* TableCell.m in Sources */,
				FDF7578E18AFFAF60079811E /* Tarif.m in Sources */,
				FD37D6ED18C1F73C00CF5603 /* FavoritesViewController.m in Sources */,
				FD1CF0F318C0F877004FD787 /* OtherViewController.m in Sources */,
				FDC6D3A818AFE5790070E139 /* ViewController.m in Sources */,
				FDCF093F18B78AC5000D5ABA /* DBOperations.m in Sources */,
				FDC6D3A218AFE5790070E139 /* AppDelegate.m in Sources */,
				FD1CF0F018C0F6A2004FD787 /* SidebarViewController.m in Sources */,
				FD1CF0ED18C0F1DB004FD787 /* SWRevealViewController.m in Sources */,
				FDDA508A18B004D100268423 /* TableController.m in Sources */,
				FDDA509018B00E7E00268423 /* DetailView.m in Sources */,
				FDC6D39E18AFE5790070E139 /* main.m in Sources */,
			);
			runOnlyForDeploymentPostprocessing = 0;
		};
		FDC6D3AB18AFE5790070E139 /* Sources */ = {
			isa = PBXSourcesBuildPhase;
			buildActionMask = 2147483647;
			files = (
				FDC6D3BD18AFE5790070E139 /* Deneme_YemekTests.m in Sources */,
			);
			runOnlyForDeploymentPostprocessing = 0;
		};
/* End PBXSourcesBuildPhase section */

/* Begin PBXTargetDependency section */
		FDC6D3B518AFE5790070E139 /* PBXTargetDependency */ = {
			isa = PBXTargetDependency;
			target = FDC6D38D18AFE5790070E139 /* Deneme_Yemek */;
			targetProxy = FDC6D3B418AFE5790070E139 /* PBXContainerItemProxy */;
		};
/* End PBXTargetDependency section */

/* Begin PBXVariantGroup section */
		FDC6D39A18AFE5790070E139 /* InfoPlist.strings */ = {
			isa = PBXVariantGroup;
			children = (
				FDC6D39B18AFE5790070E139 /* en */,
			);
			name = InfoPlist.strings;
			sourceTree = "<group>";
		};
		FDC6D3A318AFE5790070E139 /* Main.storyboard */ = {
			isa = PBXVariantGroup;
			children = (
				FDC6D3A418AFE5790070E139 /* Base */,
			);
			name = Main.storyboard;
			sourceTree = "<group>";
		};
		FDC6D3B918AFE5790070E139 /* InfoPlist.strings */ = {
			isa = PBXVariantGroup;
			children = (
				FDC6D3BA18AFE5790070E139 /* en */,
			);
			name = InfoPlist.strings;
			sourceTree = "<group>";
		};
/* End PBXVariantGroup section */

/* Begin XCBuildConfiguration section */
		FDC6D3BE18AFE5790070E139 /* Debug */ = {
			isa = XCBuildConfiguration;
			buildSettings = {
				ALWAYS_SEARCH_USER_PATHS = NO;
				ARCHS = "$(ARCHS_STANDARD_INCLUDING_64_BIT)";
				CLANG_CXX_LANGUAGE_STANDARD = "gnu++0x";
				CLANG_CXX_LIBRARY = "libc++";
				CLANG_ENABLE_MODULES = YES;
				CLANG_ENABLE_OBJC_ARC = YES;
				CLANG_WARN_BOOL_CONVERSION = YES;
				CLANG_WARN_CONSTANT_CONVERSION = YES;
				CLANG_WARN_DIRECT_OBJC_ISA_USAGE = YES_ERROR;
				CLANG_WARN_EMPTY_BODY = YES;
				CLANG_WARN_ENUM_CONVERSION = YES;
				CLANG_WARN_INT_CONVERSION = YES;
				CLANG_WARN_OBJC_ROOT_CLASS = YES_ERROR;
				CLANG_WARN__DUPLICATE_METHOD_MATCH = YES;
				"CODE_SIGN_IDENTITY[sdk=iphoneos*]" = "iPhone Developer";
				COPY_PHASE_STRIP = NO;
				GCC_C_LANGUAGE_STANDARD = gnu99;
				GCC_DYNAMIC_NO_PIC = NO;
				GCC_OPTIMIZATION_LEVEL = 0;
				GCC_PREPROCESSOR_DEFINITIONS = (
					"DEBUG=1",
					"$(inherited)",
				);
				GCC_SYMBOLS_PRIVATE_EXTERN = NO;
				GCC_WARN_64_TO_32_BIT_CONVERSION = YES;
				GCC_WARN_ABOUT_RETURN_TYPE = YES_ERROR;
				GCC_WARN_UNDECLARED_SELECTOR = YES;
				GCC_WARN_UNINITIALIZED_AUTOS = YES;
				GCC_WARN_UNUSED_FUNCTION = YES;
				GCC_WARN_UNUSED_VARIABLE = YES;
				IPHONEOS_DEPLOYMENT_TARGET = 7.0;
				ONLY_ACTIVE_ARCH = YES;
				SDKROOT = iphoneos;
			};
			name = Debug;
		};
		FDC6D3BF18AFE5790070E139 /* Release */ = {
			isa = XCBuildConfiguration;
			buildSettings = {
				ALWAYS_SEARCH_USER_PATHS = NO;
				ARCHS = "$(ARCHS_STANDARD_INCLUDING_64_BIT)";
				CLANG_CXX_LANGUAGE_STANDARD = "gnu++0x";
				CLANG_CXX_LIBRARY = "libc++";
				CLANG_ENABLE_MODULES = YES;
				CLANG_ENABLE_OBJC_ARC = YES;
				CLANG_WARN_BOOL_CONVERSION = YES;
				CLANG_WARN_CONSTANT_CONVERSION = YES;
				CLANG_WARN_DIRECT_OBJC_ISA_USAGE = YES_ERROR;
				CLANG_WARN_EMPTY_BODY = YES;
				CLANG_WARN_ENUM_CONVERSION = YES;
				CLANG_WARN_INT_CONVERSION = YES;
				CLANG_WARN_OBJC_ROOT_CLASS = YES_ERROR;
				CLANG_WARN__DUPLICATE_METHOD_MATCH = YES;
				"CODE_SIGN_IDENTITY[sdk=iphoneos*]" = "iPhone Developer";
				COPY_PHASE_STRIP = YES;
				ENABLE_NS_ASSERTIONS = NO;
				GCC_C_LANGUAGE_STANDARD = gnu99;
				GCC_WARN_64_TO_32_BIT_CONVERSION = YES;
				GCC_WARN_ABOUT_RETURN_TYPE = YES_ERROR;
				GCC_WARN_UNDECLARED_SELECTOR = YES;
				GCC_WARN_UNINITIALIZED_AUTOS = YES;
				GCC_WARN_UNUSED_FUNCTION = YES;
				GCC_WARN_UNUSED_VARIABLE = YES;
				IPHONEOS_DEPLOYMENT_TARGET = 7.0;
				SDKROOT = iphoneos;
				VALIDATE_PRODUCT = YES;
			};
			name = Release;
		};
		FDC6D3C118AFE5790070E139 /* Debug */ = {
			isa = XCBuildConfiguration;
			buildSettings = {
				ASSETCATALOG_COMPILER_APPICON_NAME = AppIcon;
				ASSETCATALOG_COMPILER_LAUNCHIMAGE_NAME = LaunchImage;
				GCC_PRECOMPILE_PREFIX_HEADER = YES;
				GCC_PREFIX_HEADER = "Deneme_Yemek/Deneme_Yemek-Prefix.pch";
				INFOPLIST_FILE = "Deneme_Yemek/Deneme_Yemek-Info.plist";
				LIBRARY_SEARCH_PATHS = (
					"$(inherited)",
					"/Users/eayhan/Desktop/XCode\\ Projects/Deneme_Yemek/GoogleAdMobAdsSdkiOS-6.8.0/Add-ons/GoogleAnalyticsServicesiOS_3.03",
					"/Users/eayhan/Desktop/XCode\\ Projects/Deneme_Yemek/GoogleAdMobAdsSdkiOS-6.8.0",
				);
				PRODUCT_NAME = "$(TARGET_NAME)";
				WRAPPER_EXTENSION = app;
			};
			name = Debug;
		};
		FDC6D3C218AFE5790070E139 /* Release */ = {
			isa = XCBuildConfiguration;
			buildSettings = {
				ASSETCATALOG_COMPILER_APPICON_NAME = AppIcon;
				ASSETCATALOG_COMPILER_LAUNCHIMAGE_NAME = LaunchImage;
				GCC_PRECOMPILE_PREFIX_HEADER = YES;
				GCC_PREFIX_HEADER = "Deneme_Yemek/Deneme_Yemek-Prefix.pch";
				INFOPLIST_FILE = "Deneme_Yemek/Deneme_Yemek-Info.plist";
				LIBRARY_SEARCH_PATHS = (
					"$(inherited)",
					"/Users/eayhan/Desktop/XCode\\ Projects/Deneme_Yemek/GoogleAdMobAdsSdkiOS-6.8.0/Add-ons/GoogleAnalyticsServicesiOS_3.03",
					"/Users/eayhan/Desktop/XCode\\ Projects/Deneme_Yemek/GoogleAdMobAdsSdkiOS-6.8.0",
				);
				PRODUCT_NAME = "$(TARGET_NAME)";
				WRAPPER_EXTENSION = app;
			};
			name = Release;
		};
		FDC6D3C418AFE5790070E139 /* Debug */ = {
			isa = XCBuildConfiguration;
			buildSettings = {
				ARCHS = "$(ARCHS_STANDARD_INCLUDING_64_BIT)";
				BUNDLE_LOADER = "$(BUILT_PRODUCTS_DIR)/Deneme_Yemek.app/Deneme_Yemek";
				FRAMEWORK_SEARCH_PATHS = (
					"$(SDKROOT)/Developer/Library/Frameworks",
					"$(inherited)",
					"$(DEVELOPER_FRAMEWORKS_DIR)",
				);
				GCC_PRECOMPILE_PREFIX_HEADER = YES;
				GCC_PREFIX_HEADER = "Deneme_Yemek/Deneme_Yemek-Prefix.pch";
				GCC_PREPROCESSOR_DEFINITIONS = (
					"DEBUG=1",
					"$(inherited)",
				);
				INFOPLIST_FILE = "Deneme_YemekTests/Deneme_YemekTests-Info.plist";
				PRODUCT_NAME = "$(TARGET_NAME)";
				TEST_HOST = "$(BUNDLE_LOADER)";
				WRAPPER_EXTENSION = xctest;
			};
			name = Debug;
		};
		FDC6D3C518AFE5790070E139 /* Release */ = {
			isa = XCBuildConfiguration;
			buildSettings = {
				ARCHS = "$(ARCHS_STANDARD_INCLUDING_64_BIT)";
				BUNDLE_LOADER = "$(BUILT_PRODUCTS_DIR)/Deneme_Yemek.app/Deneme_Yemek";
				FRAMEWORK_SEARCH_PATHS = (
					"$(SDKROOT)/Developer/Library/Frameworks",
					"$(inherited)",
					"$(DEVELOPER_FRAMEWORKS_DIR)",
				);
				GCC_PRECOMPILE_PREFIX_HEADER = YES;
				GCC_PREFIX_HEADER = "Deneme_Yemek/Deneme_Yemek-Prefix.pch";
				INFOPLIST_FILE = "Deneme_YemekTests/Deneme_YemekTests-Info.plist";
				PRODUCT_NAME = "$(TARGET_NAME)";
				TEST_HOST = "$(BUNDLE_LOADER)";
				WRAPPER_EXTENSION = xctest;
			};
			name = Release;
		};
/* End XCBuildConfiguration section */

/* Begin XCConfigurationList section */
		FDC6D38918AFE5790070E139 /* Build configuration list for PBXProject "Deneme_Yemek" */ = {
			isa = XCConfigurationList;
			buildConfigurations = (
				FDC6D3BE18AFE5790070E139 /* Debug */,
				FDC6D3BF18AFE5790070E139 /* Release */,
			);
			defaultConfigurationIsVisible = 0;
			defaultConfigurationName = Release;
		};
		FDC6D3C018AFE5790070E139 /* Build configuration list for PBXNativeTarget "Deneme_Yemek" */ = {
			isa = XCConfigurationList;
			buildConfigurations = (
				FDC6D3C118AFE5790070E139 /* Debug */,
				FDC6D3C218AFE5790070E139 /* Release */,
			);
			defaultConfigurationIsVisible = 0;
			defaultConfigurationName = Release;
		};
		FDC6D3C318AFE5790070E139 /* Build configuration list for PBXNativeTarget "Deneme_YemekTests" */ = {
			isa = XCConfigurationList;
			buildConfigurations = (
				FDC6D3C418AFE5790070E139 /* Debug */,
				FDC6D3C518AFE5790070E139 /* Release */,
			);
			defaultConfigurationIsVisible = 0;
			defaultConfigurationName = Release;
		};
/* End XCConfigurationList section */
	};
	rootObject = FDC6D38618AFE5790070E139 /* Project object */;
}
